Microsoft Visual Studio Solution File, Format Version 12.00
# Visual Studio 15
VisualStudioVersion = 15.0.26730.16
MinimumVisualStudioVersion = 10.0.40219.1
Project("{2150E333-8FDC-42A3-9474-1A3956D46DE8}") = "Demos", "Demos", "{40F32E20-3517-4025-9EF2-10FB0FE863B1}"
EndProject
Project("{FAE04EC0-301F-11D3-BF4B-00C04F79EFBC}") = "AehnlichFileDemo", "Demos\TextFileDemo\AehnlichFileDemo\AehnlichFileDemo.csproj", "{1AA9B198-CC6C-4533-A369-DB6FDA649104}"
EndProject
Project("{FAE04EC0-301F-11D3-BF4B-00C04F79EFBC}") = "AehnlichLib", "AehnlichLib\AehnlichLib.csproj", "{C0D1E820-EB48-4B79-BCD6-C2DE7CC367F2}"
EndProject
Project("{9A19103F-16F7-4668-BE54-9A1E7A4F7556}") = "AehnlichLib_UnitTests", "AehnlichLib_UnitTests\AehnlichLib_UnitTests.csproj", "{9D34EC86-1F73-4CA5-8335-558F4FDBE3FD}"
EndProject
Project("{FAE04EC0-301F-11D3-BF4B-00C04F79EFBC}") = "AehnlichViewLib", "AehnlichViewLib\AehnlichViewLib.csproj", "{342915EC-E1CA-4AAD-BDDB-810EE65E4233}"
EndProject
Project("{2150E333-8FDC-42A3-9474-1A3956D46DE8}") = "Dir", "Dir", "{2905550E-703E-4ADB-BC77-573CE3FB852B}"
EndProject
Project("{FAE04EC0-301F-11D3-BF4B-00C04F79EFBC}") = "AehnlichDirDemo", "Demos\Dir\AehnlichDirDemo\AehnlichDirDemo.csproj", "{BFAD6A61-B355-4D3B-B638-86501C5FC6E3}"
EndProject
Project("{FAE04EC0-301F-11D3-BF4B-00C04F79EFBC}") = "AehnlichDirViewModelLib", "Demos\Dir\AehnlichDirViewModelLib\AehnlichDirViewModelLib.csproj", "{920650A5-C019-4E33-AD92-04BC77BD59B0}"
EndProject
Project("{FAE04EC0-301F-11D3-BF4B-00C04F79EFBC}") = "AehnlichViewModelsLib", "Demos\TextFileDemo\AehnlichViewModelsLib\AehnlichViewModelsLib.csproj", "{4CDCEBD2-5062-453E-B9AF-F66811C3E31A}"
EndProject
Project("{2150E333-8FDC-42A3-9474-1A3956D46DE8}") = "TextFiles", "TextFiles", "{C27D43D8-8EED-4A2F-AFD3-D717B79C7BE3}"
EndProject
Global
	GlobalSection(SolutionConfigurationPlatforms) = preSolution
		Debug|Any CPU = Debug|Any CPU
		Release|Any CPU = Release|Any CPU
	EndGlobalSection
	GlobalSection(ProjectConfigurationPlatforms) = postSolution
		{1AA9B198-CC6C-4533-A369-DB6FDA649104}.Debug|Any CPU.ActiveCfg = Debug|Any CPU
		{1AA9B198-CC6C-4533-A369-DB6FDA649104}.Debug|Any CPU.Build.0 = Debug|Any CPU
		{1AA9B198-CC6C-4533-A369-DB6FDA649104}.Release|Any CPU.ActiveCfg = Release|Any CPU
		{1AA9B198-CC6C-4533-A369-DB6FDA649104}.Release|Any CPU.Build.0 = Release|Any CPU
		{C0D1E820-EB48-4B79-BCD6-C2DE7CC367F2}.Debug|Any CPU.ActiveCfg = Debug|Any CPU
		{C0D1E820-EB48-4B79-BCD6-C2DE7CC367F2}.Debug|Any CPU.Build.0 = Debug|Any CPU
		{C0D1E820-EB48-4B79-BCD6-C2DE7CC367F2}.Release|Any CPU.ActiveCfg = Release|Any CPU
		{C0D1E820-EB48-4B79-BCD6-C2DE7CC367F2}.Release|Any CPU.Build.0 = Release|Any CPU
		{9D34EC86-1F73-4CA5-8335-558F4FDBE3FD}.Debug|Any CPU.ActiveCfg = Debug|Any CPU
		{9D34EC86-1F73-4CA5-8335-558F4FDBE3FD}.Debug|Any CPU.Build.0 = Debug|Any CPU
		{9D34EC86-1F73-4CA5-8335-558F4FDBE3FD}.Release|Any CPU.ActiveCfg = Release|Any CPU
		{9D34EC86-1F73-4CA5-8335-558F4FDBE3FD}.Release|Any CPU.Build.0 = Release|Any CPU
		{342915EC-E1CA-4AAD-BDDB-810EE65E4233}.Debug|Any CPU.ActiveCfg = Debug|Any CPU
		{342915EC-E1CA-4AAD-BDDB-810EE65E4233}.Debug|Any CPU.Build.0 = Debug|Any CPU
		{342915EC-E1CA-4AAD-BDDB-810EE65E4233}.Release|Any CPU.ActiveCfg = Release|Any CPU
		{342915EC-E1CA-4AAD-BDDB-810EE65E4233}.Release|Any CPU.Build.0 = Release|Any CPU
		{BFAD6A61-B355-4D3B-B638-86501C5FC6E3}.Debug|Any CPU.ActiveCfg = Debug|Any CPU
		{BFAD6A61-B355-4D3B-B638-86501C5FC6E3}.Debug|Any CPU.Build.0 = Debug|Any CPU
		{BFAD6A61-B355-4D3B-B638-86501C5FC6E3}.Release|Any CPU.ActiveCfg = Release|Any CPU
		{BFAD6A61-B355-4D3B-B638-86501C5FC6E3}.Release|Any CPU.Build.0 = Release|Any CPU
		{920650A5-C019-4E33-AD92-04BC77BD59B0}.Debug|Any CPU.ActiveCfg = Debug|Any CPU
		{920650A5-C019-4E33-AD92-04BC77BD59B0}.Debug|Any CPU.Build.0 = Debug|Any CPU
		{920650A5-C019-4E33-AD92-04BC77BD59B0}.Release|Any CPU.ActiveCfg = Release|Any CPU
		{920650A5-C019-4E33-AD92-04BC77BD59B0}.Release|Any CPU.Build.0 = Release|Any CPU
		{4CDCEBD2-5062-453E-B9AF-F66811C3E31A}.Debug|Any CPU.ActiveCfg = Debug|Any CPU
		{4CDCEBD2-5062-453E-B9AF-F66811C3E31A}.Debug|Any CPU.Build.0 = Debug|Any CPU
		{4CDCEBD2-5062-453E-B9AF-F66811C3E31A}.Release|Any CPU.ActiveCfg = Release|Any CPU
		{4CDCEBD2-5062-453E-B9AF-F66811C3E31A}.Release|Any CPU.Build.0 = Release|Any CPU
	EndGlobalSection
	GlobalSection(SolutionProperties) = preSolution
		HideSolutionNode = FALSE
	EndGlobalSection
	GlobalSection(NestedProjects) = preSolution
		{1AA9B198-CC6C-4533-A369-DB6FDA649104} = {C27D43D8-8EED-4A2F-AFD3-D717B79C7BE3}
		{2905550E-703E-4ADB-BC77-573CE3FB852B} = {40F32E20-3517-4025-9EF2-10FB0FE863B1}
		{BFAD6A61-B355-4D3B-B638-86501C5FC6E3} = {2905550E-703E-4ADB-BC77-573CE3FB852B}
		{920650A5-C019-4E33-AD92-04BC77BD59B0} = {2905550E-703E-4ADB-BC77-573CE3FB852B}
		{4CDCEBD2-5062-453E-B9AF-F66811C3E31A} = {C27D43D8-8EED-4A2F-AFD3-D717B79C7BE3}
		{C27D43D8-8EED-4A2F-AFD3-D717B79C7BE3} = {40F32E20-3517-4025-9EF2-10FB0FE863B1}
	EndGlobalSection
	GlobalSection(ExtensibilityGlobals) = postSolution
		SolutionGuid = {744EF1A8-FDA0-494C-A2AA-82D97930ABED}
	EndGlobalSection
EndGlobal
