Microsoft Visual Studio Solution File, Format Version 12.00
# Visual Studio Version 16
VisualStudioVersion = 16.0.28729.10
MinimumVisualStudioVersion = 10.0.40219.1
Project("{FAE04EC0-301F-11D3-BF4B-00C04F79EFBC}") = "AehnlichFileDemo", "Demos\TextFileDemo\AehnlichFileDemo\AehnlichFileDemo.csproj", "{1AA9B198-CC6C-4533-A369-DB6FDA649104}"
EndProject
Project("{FAE04EC0-301F-11D3-BF4B-00C04F79EFBC}") = "AehnlichDirDemo", "Demos\Dir\AehnlichDirDemo\AehnlichDirDemo.csproj", "{BFAD6A61-B355-4D3B-B638-86501C5FC6E3}"
EndProject
Project("{2150E333-8FDC-42A3-9474-1A3956D46DE8}") = "Demos", "Demos", "{40F32E20-3517-4025-9EF2-10FB0FE863B1}"
EndProject
Project("{FAE04EC0-301F-11D3-BF4B-00C04F79EFBC}") = "AehnlichLib", "AehnlichLib\AehnlichLib.csproj", "{C0D1E820-EB48-4B79-BCD6-C2DE7CC367F2}"
EndProject
Project("{9A19103F-16F7-4668-BE54-9A1E7A4F7556}") = "AehnlichLib_UnitTests", "AehnlichLib_UnitTests\AehnlichLib_UnitTests.csproj", "{9D34EC86-1F73-4CA5-8335-558F4FDBE3FD}"
EndProject
Project("{FAE04EC0-301F-11D3-BF4B-00C04F79EFBC}") = "AehnlichViewLib", "AehnlichViewLib\AehnlichViewLib.csproj", "{342915EC-E1CA-4AAD-BDDB-810EE65E4233}"
EndProject
Project("{2150E333-8FDC-42A3-9474-1A3956D46DE8}") = "Dir", "Dir", "{2905550E-703E-4ADB-BC77-573CE3FB852B}"
EndProject
Project("{FAE04EC0-301F-11D3-BF4B-00C04F79EFBC}") = "AehnlichDirViewModelLib", "Demos\Dir\AehnlichDirViewModelLib\AehnlichDirViewModelLib.csproj", "{920650A5-C019-4E33-AD92-04BC77BD59B0}"
EndProject
Project("{FAE04EC0-301F-11D3-BF4B-00C04F79EFBC}") = "AehnlichViewModelsLib", "Demos\TextFileDemo\AehnlichViewModelsLib\AehnlichViewModelsLib.csproj", "{4CDCEBD2-5062-453E-B9AF-F66811C3E31A}"
EndProject
Project("{2150E333-8FDC-42A3-9474-1A3956D46DE8}") = "TextFiles", "TextFiles", "{C27D43D8-8EED-4A2F-AFD3-D717B79C7BE3}"
EndProject
Project("{2150E333-8FDC-42A3-9474-1A3956D46DE8}") = "Aehnlich", "Aehnlich", "{6CA15BF7-1F9D-451F-91C0-7E17E5087382}"
EndProject
Project("{2150E333-8FDC-42A3-9474-1A3956D46DE8}") = "Components", "Components", "{79B872C2-8DB6-4976-B42E-93BD9D7F2250}"
EndProject
Project("{FAE04EC0-301F-11D3-BF4B-00C04F79EFBC}") = "ServiceLocator", "Aehnlich\Components\ServiceLocator\ServiceLocator.csproj", "{252126D1-E1D9-49C3-910B-FCF2266265EF}"
EndProject
Project("{FAE04EC0-301F-11D3-BF4B-00C04F79EFBC}") = "Settings", "Aehnlich\Components\Settings\Settings\Settings.csproj", "{2807B493-CC2E-402E-901A-EB138698FEDC}"
EndProject
Project("{FAE04EC0-301F-11D3-BF4B-00C04F79EFBC}") = "SettingsModel", "Aehnlich\Components\Settings\SettingsModel\SettingsModel.csproj", "{9B0BA841-5A2F-4ED3-A908-253DBCA70E77}"
EndProject
Project("{FAE04EC0-301F-11D3-BF4B-00C04F79EFBC}") = "Aehnlich", "Aehnlich\Aehnlich\Aehnlich.csproj", "{58BD0E02-6BFF-43F0-9B93-D3371E97794B}"
EndProject
Project("{FAE04EC0-301F-11D3-BF4B-00C04F79EFBC}") = "FsDataLib", "FsDataLib\FsDataLib.csproj", "{6C8F39A8-965B-4F96-B0DC-5C731519AC65}"
EndProject
Global
	GlobalSection(SolutionConfigurationPlatforms) = preSolution
		Debug|Any CPU = Debug|Any CPU
		Debug|x64 = Debug|x64
		Debug|x86 = Debug|x86
		Release|Any CPU = Release|Any CPU
		Release|x64 = Release|x64
		Release|x86 = Release|x86
	EndGlobalSection
	GlobalSection(ProjectConfigurationPlatforms) = postSolution
		{1AA9B198-CC6C-4533-A369-DB6FDA649104}.Debug|Any CPU.ActiveCfg = Debug|Any CPU
		{1AA9B198-CC6C-4533-A369-DB6FDA649104}.Debug|Any CPU.Build.0 = Debug|Any CPU
		{1AA9B198-CC6C-4533-A369-DB6FDA649104}.Debug|x64.ActiveCfg = Debug|Any CPU
		{1AA9B198-CC6C-4533-A369-DB6FDA649104}.Debug|x64.Build.0 = Debug|Any CPU
		{1AA9B198-CC6C-4533-A369-DB6FDA649104}.Debug|x86.ActiveCfg = Debug|Any CPU
		{1AA9B198-CC6C-4533-A369-DB6FDA649104}.Debug|x86.Build.0 = Debug|Any CPU
		{1AA9B198-CC6C-4533-A369-DB6FDA649104}.Release|Any CPU.ActiveCfg = Release|Any CPU
		{1AA9B198-CC6C-4533-A369-DB6FDA649104}.Release|Any CPU.Build.0 = Release|Any CPU
		{1AA9B198-CC6C-4533-A369-DB6FDA649104}.Release|x64.ActiveCfg = Release|Any CPU
		{1AA9B198-CC6C-4533-A369-DB6FDA649104}.Release|x64.Build.0 = Release|Any CPU
		{1AA9B198-CC6C-4533-A369-DB6FDA649104}.Release|x86.ActiveCfg = Release|Any CPU
		{1AA9B198-CC6C-4533-A369-DB6FDA649104}.Release|x86.Build.0 = Release|Any CPU
		{BFAD6A61-B355-4D3B-B638-86501C5FC6E3}.Debug|Any CPU.ActiveCfg = Debug|Any CPU
		{BFAD6A61-B355-4D3B-B638-86501C5FC6E3}.Debug|Any CPU.Build.0 = Debug|Any CPU
		{BFAD6A61-B355-4D3B-B638-86501C5FC6E3}.Debug|x64.ActiveCfg = Debug|Any CPU
		{BFAD6A61-B355-4D3B-B638-86501C5FC6E3}.Debug|x64.Build.0 = Debug|Any CPU
		{BFAD6A61-B355-4D3B-B638-86501C5FC6E3}.Debug|x86.ActiveCfg = Debug|Any CPU
		{BFAD6A61-B355-4D3B-B638-86501C5FC6E3}.Debug|x86.Build.0 = Debug|Any CPU
		{BFAD6A61-B355-4D3B-B638-86501C5FC6E3}.Release|Any CPU.ActiveCfg = Release|Any CPU
		{BFAD6A61-B355-4D3B-B638-86501C5FC6E3}.Release|Any CPU.Build.0 = Release|Any CPU
		{BFAD6A61-B355-4D3B-B638-86501C5FC6E3}.Release|x64.ActiveCfg = Release|Any CPU
		{BFAD6A61-B355-4D3B-B638-86501C5FC6E3}.Release|x64.Build.0 = Release|Any CPU
		{BFAD6A61-B355-4D3B-B638-86501C5FC6E3}.Release|x86.ActiveCfg = Release|Any CPU
		{BFAD6A61-B355-4D3B-B638-86501C5FC6E3}.Release|x86.Build.0 = Release|Any CPU
		{C0D1E820-EB48-4B79-BCD6-C2DE7CC367F2}.Debug|Any CPU.ActiveCfg = Debug|Any CPU
		{C0D1E820-EB48-4B79-BCD6-C2DE7CC367F2}.Debug|Any CPU.Build.0 = Debug|Any CPU
		{C0D1E820-EB48-4B79-BCD6-C2DE7CC367F2}.Debug|x64.ActiveCfg = Debug|Any CPU
		{C0D1E820-EB48-4B79-BCD6-C2DE7CC367F2}.Debug|x64.Build.0 = Debug|Any CPU
		{C0D1E820-EB48-4B79-BCD6-C2DE7CC367F2}.Debug|x86.ActiveCfg = Debug|Any CPU
		{C0D1E820-EB48-4B79-BCD6-C2DE7CC367F2}.Debug|x86.Build.0 = Debug|Any CPU
		{C0D1E820-EB48-4B79-BCD6-C2DE7CC367F2}.Release|Any CPU.ActiveCfg = Release|Any CPU
		{C0D1E820-EB48-4B79-BCD6-C2DE7CC367F2}.Release|Any CPU.Build.0 = Release|Any CPU
		{C0D1E820-EB48-4B79-BCD6-C2DE7CC367F2}.Release|x64.ActiveCfg = Release|Any CPU
		{C0D1E820-EB48-4B79-BCD6-C2DE7CC367F2}.Release|x64.Build.0 = Release|Any CPU
		{C0D1E820-EB48-4B79-BCD6-C2DE7CC367F2}.Release|x86.ActiveCfg = Release|Any CPU
		{C0D1E820-EB48-4B79-BCD6-C2DE7CC367F2}.Release|x86.Build.0 = Release|Any CPU
		{9D34EC86-1F73-4CA5-8335-558F4FDBE3FD}.Debug|Any CPU.ActiveCfg = Debug|Any CPU
		{9D34EC86-1F73-4CA5-8335-558F4FDBE3FD}.Debug|Any CPU.Build.0 = Debug|Any CPU
		{9D34EC86-1F73-4CA5-8335-558F4FDBE3FD}.Debug|x64.ActiveCfg = Debug|Any CPU
		{9D34EC86-1F73-4CA5-8335-558F4FDBE3FD}.Debug|x64.Build.0 = Debug|Any CPU
		{9D34EC86-1F73-4CA5-8335-558F4FDBE3FD}.Debug|x86.ActiveCfg = Debug|Any CPU
		{9D34EC86-1F73-4CA5-8335-558F4FDBE3FD}.Debug|x86.Build.0 = Debug|Any CPU
		{9D34EC86-1F73-4CA5-8335-558F4FDBE3FD}.Release|Any CPU.ActiveCfg = Release|Any CPU
		{9D34EC86-1F73-4CA5-8335-558F4FDBE3FD}.Release|Any CPU.Build.0 = Release|Any CPU
		{9D34EC86-1F73-4CA5-8335-558F4FDBE3FD}.Release|x64.ActiveCfg = Release|Any CPU
		{9D34EC86-1F73-4CA5-8335-558F4FDBE3FD}.Release|x64.Build.0 = Release|Any CPU
		{9D34EC86-1F73-4CA5-8335-558F4FDBE3FD}.Release|x86.ActiveCfg = Release|Any CPU
		{9D34EC86-1F73-4CA5-8335-558F4FDBE3FD}.Release|x86.Build.0 = Release|Any CPU
		{342915EC-E1CA-4AAD-BDDB-810EE65E4233}.Debug|Any CPU.ActiveCfg = Debug|Any CPU
		{342915EC-E1CA-4AAD-BDDB-810EE65E4233}.Debug|Any CPU.Build.0 = Debug|Any CPU
		{342915EC-E1CA-4AAD-BDDB-810EE65E4233}.Debug|x64.ActiveCfg = Debug|Any CPU
		{342915EC-E1CA-4AAD-BDDB-810EE65E4233}.Debug|x64.Build.0 = Debug|Any CPU
		{342915EC-E1CA-4AAD-BDDB-810EE65E4233}.Debug|x86.ActiveCfg = Debug|Any CPU
		{342915EC-E1CA-4AAD-BDDB-810EE65E4233}.Debug|x86.Build.0 = Debug|Any CPU
		{342915EC-E1CA-4AAD-BDDB-810EE65E4233}.Release|Any CPU.ActiveCfg = Release|Any CPU
		{342915EC-E1CA-4AAD-BDDB-810EE65E4233}.Release|Any CPU.Build.0 = Release|Any CPU
		{342915EC-E1CA-4AAD-BDDB-810EE65E4233}.Release|x64.ActiveCfg = Release|Any CPU
		{342915EC-E1CA-4AAD-BDDB-810EE65E4233}.Release|x64.Build.0 = Release|Any CPU
		{342915EC-E1CA-4AAD-BDDB-810EE65E4233}.Release|x86.ActiveCfg = Release|Any CPU
		{342915EC-E1CA-4AAD-BDDB-810EE65E4233}.Release|x86.Build.0 = Release|Any CPU
		{920650A5-C019-4E33-AD92-04BC77BD59B0}.Debug|Any CPU.ActiveCfg = Debug|Any CPU
		{920650A5-C019-4E33-AD92-04BC77BD59B0}.Debug|Any CPU.Build.0 = Debug|Any CPU
		{920650A5-C019-4E33-AD92-04BC77BD59B0}.Debug|x64.ActiveCfg = Debug|Any CPU
		{920650A5-C019-4E33-AD92-04BC77BD59B0}.Debug|x64.Build.0 = Debug|Any CPU
		{920650A5-C019-4E33-AD92-04BC77BD59B0}.Debug|x86.ActiveCfg = Debug|Any CPU
		{920650A5-C019-4E33-AD92-04BC77BD59B0}.Debug|x86.Build.0 = Debug|Any CPU
		{920650A5-C019-4E33-AD92-04BC77BD59B0}.Release|Any CPU.ActiveCfg = Release|Any CPU
		{920650A5-C019-4E33-AD92-04BC77BD59B0}.Release|Any CPU.Build.0 = Release|Any CPU
		{920650A5-C019-4E33-AD92-04BC77BD59B0}.Release|x64.ActiveCfg = Release|Any CPU
		{920650A5-C019-4E33-AD92-04BC77BD59B0}.Release|x64.Build.0 = Release|Any CPU
		{920650A5-C019-4E33-AD92-04BC77BD59B0}.Release|x86.ActiveCfg = Release|Any CPU
		{920650A5-C019-4E33-AD92-04BC77BD59B0}.Release|x86.Build.0 = Release|Any CPU
		{4CDCEBD2-5062-453E-B9AF-F66811C3E31A}.Debug|Any CPU.ActiveCfg = Debug|Any CPU
		{4CDCEBD2-5062-453E-B9AF-F66811C3E31A}.Debug|Any CPU.Build.0 = Debug|Any CPU
		{4CDCEBD2-5062-453E-B9AF-F66811C3E31A}.Debug|x64.ActiveCfg = Debug|Any CPU
		{4CDCEBD2-5062-453E-B9AF-F66811C3E31A}.Debug|x64.Build.0 = Debug|Any CPU
		{4CDCEBD2-5062-453E-B9AF-F66811C3E31A}.Debug|x86.ActiveCfg = Debug|Any CPU
		{4CDCEBD2-5062-453E-B9AF-F66811C3E31A}.Debug|x86.Build.0 = Debug|Any CPU
		{4CDCEBD2-5062-453E-B9AF-F66811C3E31A}.Release|Any CPU.ActiveCfg = Release|Any CPU
		{4CDCEBD2-5062-453E-B9AF-F66811C3E31A}.Release|Any CPU.Build.0 = Release|Any CPU
		{4CDCEBD2-5062-453E-B9AF-F66811C3E31A}.Release|x64.ActiveCfg = Release|Any CPU
		{4CDCEBD2-5062-453E-B9AF-F66811C3E31A}.Release|x64.Build.0 = Release|Any CPU
		{4CDCEBD2-5062-453E-B9AF-F66811C3E31A}.Release|x86.ActiveCfg = Release|Any CPU
		{4CDCEBD2-5062-453E-B9AF-F66811C3E31A}.Release|x86.Build.0 = Release|Any CPU
		{252126D1-E1D9-49C3-910B-FCF2266265EF}.Debug|Any CPU.ActiveCfg = Debug|Any CPU
		{252126D1-E1D9-49C3-910B-FCF2266265EF}.Debug|Any CPU.Build.0 = Debug|Any CPU
		{252126D1-E1D9-49C3-910B-FCF2266265EF}.Debug|x64.ActiveCfg = Debug|x64
		{252126D1-E1D9-49C3-910B-FCF2266265EF}.Debug|x64.Build.0 = Debug|x64
		{252126D1-E1D9-49C3-910B-FCF2266265EF}.Debug|x86.ActiveCfg = Debug|x86
		{252126D1-E1D9-49C3-910B-FCF2266265EF}.Debug|x86.Build.0 = Debug|x86
		{252126D1-E1D9-49C3-910B-FCF2266265EF}.Release|Any CPU.ActiveCfg = Release|Any CPU
		{252126D1-E1D9-49C3-910B-FCF2266265EF}.Release|Any CPU.Build.0 = Release|Any CPU
		{252126D1-E1D9-49C3-910B-FCF2266265EF}.Release|x64.ActiveCfg = Release|x64
		{252126D1-E1D9-49C3-910B-FCF2266265EF}.Release|x64.Build.0 = Release|x64
		{252126D1-E1D9-49C3-910B-FCF2266265EF}.Release|x86.ActiveCfg = Release|x86
		{252126D1-E1D9-49C3-910B-FCF2266265EF}.Release|x86.Build.0 = Release|x86
		{2807B493-CC2E-402E-901A-EB138698FEDC}.Debug|Any CPU.ActiveCfg = Debug|Any CPU
		{2807B493-CC2E-402E-901A-EB138698FEDC}.Debug|Any CPU.Build.0 = Debug|Any CPU
		{2807B493-CC2E-402E-901A-EB138698FEDC}.Debug|x64.ActiveCfg = Debug|x64
		{2807B493-CC2E-402E-901A-EB138698FEDC}.Debug|x64.Build.0 = Debug|x64
		{2807B493-CC2E-402E-901A-EB138698FEDC}.Debug|x86.ActiveCfg = Debug|x86
		{2807B493-CC2E-402E-901A-EB138698FEDC}.Debug|x86.Build.0 = Debug|x86
		{2807B493-CC2E-402E-901A-EB138698FEDC}.Release|Any CPU.ActiveCfg = Release|Any CPU
		{2807B493-CC2E-402E-901A-EB138698FEDC}.Release|Any CPU.Build.0 = Release|Any CPU
		{2807B493-CC2E-402E-901A-EB138698FEDC}.Release|x64.ActiveCfg = Release|x64
		{2807B493-CC2E-402E-901A-EB138698FEDC}.Release|x64.Build.0 = Release|x64
		{2807B493-CC2E-402E-901A-EB138698FEDC}.Release|x86.ActiveCfg = Release|x86
		{2807B493-CC2E-402E-901A-EB138698FEDC}.Release|x86.Build.0 = Release|x86
		{9B0BA841-5A2F-4ED3-A908-253DBCA70E77}.Debug|Any CPU.ActiveCfg = Debug|Any CPU
		{9B0BA841-5A2F-4ED3-A908-253DBCA70E77}.Debug|Any CPU.Build.0 = Debug|Any CPU
		{9B0BA841-5A2F-4ED3-A908-253DBCA70E77}.Debug|x64.ActiveCfg = Debug|x64
		{9B0BA841-5A2F-4ED3-A908-253DBCA70E77}.Debug|x64.Build.0 = Debug|x64
		{9B0BA841-5A2F-4ED3-A908-253DBCA70E77}.Debug|x86.ActiveCfg = Debug|x86
		{9B0BA841-5A2F-4ED3-A908-253DBCA70E77}.Debug|x86.Build.0 = Debug|x86
		{9B0BA841-5A2F-4ED3-A908-253DBCA70E77}.Release|Any CPU.ActiveCfg = Release|Any CPU
		{9B0BA841-5A2F-4ED3-A908-253DBCA70E77}.Release|Any CPU.Build.0 = Release|Any CPU
		{9B0BA841-5A2F-4ED3-A908-253DBCA70E77}.Release|x64.ActiveCfg = Release|x64
		{9B0BA841-5A2F-4ED3-A908-253DBCA70E77}.Release|x64.Build.0 = Release|x64
		{9B0BA841-5A2F-4ED3-A908-253DBCA70E77}.Release|x86.ActiveCfg = Release|x86
		{9B0BA841-5A2F-4ED3-A908-253DBCA70E77}.Release|x86.Build.0 = Release|x86
		{58BD0E02-6BFF-43F0-9B93-D3371E97794B}.Debug|Any CPU.ActiveCfg = Debug|Any CPU
		{58BD0E02-6BFF-43F0-9B93-D3371E97794B}.Debug|Any CPU.Build.0 = Debug|Any CPU
		{58BD0E02-6BFF-43F0-9B93-D3371E97794B}.Debug|x64.ActiveCfg = Debug|x64
		{58BD0E02-6BFF-43F0-9B93-D3371E97794B}.Debug|x64.Build.0 = Debug|x64
		{58BD0E02-6BFF-43F0-9B93-D3371E97794B}.Debug|x86.ActiveCfg = Debug|x86
		{58BD0E02-6BFF-43F0-9B93-D3371E97794B}.Debug|x86.Build.0 = Debug|x86
		{58BD0E02-6BFF-43F0-9B93-D3371E97794B}.Release|Any CPU.ActiveCfg = Release|Any CPU
		{58BD0E02-6BFF-43F0-9B93-D3371E97794B}.Release|Any CPU.Build.0 = Release|Any CPU
		{58BD0E02-6BFF-43F0-9B93-D3371E97794B}.Release|x64.ActiveCfg = Release|x64
		{58BD0E02-6BFF-43F0-9B93-D3371E97794B}.Release|x64.Build.0 = Release|x64
		{58BD0E02-6BFF-43F0-9B93-D3371E97794B}.Release|x86.ActiveCfg = Release|x86
		{58BD0E02-6BFF-43F0-9B93-D3371E97794B}.Release|x86.Build.0 = Release|x86
		{6C8F39A8-965B-4F96-B0DC-5C731519AC65}.Debug|Any CPU.ActiveCfg = Debug|Any CPU
		{6C8F39A8-965B-4F96-B0DC-5C731519AC65}.Debug|Any CPU.Build.0 = Debug|Any CPU
		{6C8F39A8-965B-4F96-B0DC-5C731519AC65}.Debug|x64.ActiveCfg = Debug|Any CPU
		{6C8F39A8-965B-4F96-B0DC-5C731519AC65}.Debug|x64.Build.0 = Debug|Any CPU
		{6C8F39A8-965B-4F96-B0DC-5C731519AC65}.Debug|x86.ActiveCfg = Debug|Any CPU
		{6C8F39A8-965B-4F96-B0DC-5C731519AC65}.Debug|x86.Build.0 = Debug|Any CPU
		{6C8F39A8-965B-4F96-B0DC-5C731519AC65}.Release|Any CPU.ActiveCfg = Release|Any CPU
		{6C8F39A8-965B-4F96-B0DC-5C731519AC65}.Release|Any CPU.Build.0 = Release|Any CPU
		{6C8F39A8-965B-4F96-B0DC-5C731519AC65}.Release|x64.ActiveCfg = Release|Any CPU
		{6C8F39A8-965B-4F96-B0DC-5C731519AC65}.Release|x64.Build.0 = Release|Any CPU
		{6C8F39A8-965B-4F96-B0DC-5C731519AC65}.Release|x86.ActiveCfg = Release|Any CPU
		{6C8F39A8-965B-4F96-B0DC-5C731519AC65}.Release|x86.Build.0 = Release|Any CPU
	EndGlobalSection
	GlobalSection(SolutionProperties) = preSolution
		HideSolutionNode = FALSE
	EndGlobalSection
	GlobalSection(NestedProjects) = preSolution
		{1AA9B198-CC6C-4533-A369-DB6FDA649104} = {C27D43D8-8EED-4A2F-AFD3-D717B79C7BE3}
		{BFAD6A61-B355-4D3B-B638-86501C5FC6E3} = {2905550E-703E-4ADB-BC77-573CE3FB852B}
		{2905550E-703E-4ADB-BC77-573CE3FB852B} = {40F32E20-3517-4025-9EF2-10FB0FE863B1}
		{920650A5-C019-4E33-AD92-04BC77BD59B0} = {2905550E-703E-4ADB-BC77-573CE3FB852B}
		{4CDCEBD2-5062-453E-B9AF-F66811C3E31A} = {C27D43D8-8EED-4A2F-AFD3-D717B79C7BE3}
		{C27D43D8-8EED-4A2F-AFD3-D717B79C7BE3} = {40F32E20-3517-4025-9EF2-10FB0FE863B1}
		{6CA15BF7-1F9D-451F-91C0-7E17E5087382} = {40F32E20-3517-4025-9EF2-10FB0FE863B1}
		{79B872C2-8DB6-4976-B42E-93BD9D7F2250} = {6CA15BF7-1F9D-451F-91C0-7E17E5087382}
		{252126D1-E1D9-49C3-910B-FCF2266265EF} = {79B872C2-8DB6-4976-B42E-93BD9D7F2250}
		{2807B493-CC2E-402E-901A-EB138698FEDC} = {79B872C2-8DB6-4976-B42E-93BD9D7F2250}
		{9B0BA841-5A2F-4ED3-A908-253DBCA70E77} = {79B872C2-8DB6-4976-B42E-93BD9D7F2250}
		{58BD0E02-6BFF-43F0-9B93-D3371E97794B} = {6CA15BF7-1F9D-451F-91C0-7E17E5087382}
	EndGlobalSection
	GlobalSection(ExtensibilityGlobals) = postSolution
		SolutionGuid = {744EF1A8-FDA0-494C-A2AA-82D97930ABED}
	EndGlobalSection
EndGlobal
